
Microsoft Visual Studio Solution File, Format Version 12.00
# Visual Studio Version 17
VisualStudioVersion = 17.2.32516.85
MinimumVisualStudioVersion = 10.0.40219.1
Project("{FAE04EC0-301F-11D3-BF4B-00C04F79EFBC}") = "Northwind.Linq.Logic", "Northwind.Linq.Logic\Northwind.Linq.Logic.csproj", "{51AB2BD9-808F-4ACC-B661-5152ADC4DFF2}"
EndProject
Project("{FAE04EC0-301F-11D3-BF4B-00C04F79EFBC}") = "Northwind.Linq.Data", "Northwind.Linq.Data\Northwind.Linq.Data.csproj", "{F9F05DD3-1F2D-4C83-8192-DD9AF962F3E9}"
EndProject
Project("{FAE04EC0-301F-11D3-BF4B-00C04F79EFBC}") = "Northwind.Linq.Entities", "Northwind.Linq.Entities\Northwind.Linq.Entities.csproj", "{510A3502-E1D9-48BD-8221-F06BAE8E1062}"
EndProject
Project("{FAE04EC0-301F-11D3-BF4B-00C04F79EFBC}") = "Northwind.Linq.UI", "Northwind.Linq.UI\Northwind.Linq.UI.csproj", "{9B60D33D-109D-4690-94F6-30380929289A}"
EndProject
Global
	GlobalSection(SolutionConfigurationPlatforms) = preSolution
		Debug|Any CPU = Debug|Any CPU
		Release|Any CPU = Release|Any CPU
	EndGlobalSection
	GlobalSection(ProjectConfigurationPlatforms) = postSolution
		{51AB2BD9-808F-4ACC-B661-5152ADC4DFF2}.Debug|Any CPU.ActiveCfg = Debug|Any CPU
		{51AB2BD9-808F-4ACC-B661-5152ADC4DFF2}.Debug|Any CPU.Build.0 = Debug|Any CPU
		{51AB2BD9-808F-4ACC-B661-5152ADC4DFF2}.Release|Any CPU.ActiveCfg = Release|Any CPU
		{51AB2BD9-808F-4ACC-B661-5152ADC4DFF2}.Release|Any CPU.Build.0 = Release|Any CPU
		{F9F05DD3-1F2D-4C83-8192-DD9AF962F3E9}.Debug|Any CPU.ActiveCfg = Debug|Any CPU
		{F9F05DD3-1F2D-4C83-8192-DD9AF962F3E9}.Debug|Any CPU.Build.0 = Debug|Any CPU
		{F9F05DD3-1F2D-4C83-8192-DD9AF962F3E9}.Release|Any CPU.ActiveCfg = Release|Any CPU
		{F9F05DD3-1F2D-4C83-8192-DD9AF962F3E9}.Release|Any CPU.Build.0 = Release|Any CPU
		{510A3502-E1D9-48BD-8221-F06BAE8E1062}.Debug|Any CPU.ActiveCfg = Debug|Any CPU
		{510A3502-E1D9-48BD-8221-F06BAE8E1062}.Debug|Any CPU.Build.0 = Debug|Any CPU
		{510A3502-E1D9-48BD-8221-F06BAE8E1062}.Release|Any CPU.ActiveCfg = Release|Any CPU
		{510A3502-E1D9-48BD-8221-F06BAE8E1062}.Release|Any CPU.Build.0 = Release|Any CPU
		{9B60D33D-109D-4690-94F6-30380929289A}.Debug|Any CPU.ActiveCfg = Debug|Any CPU
		{9B60D33D-109D-4690-94F6-30380929289A}.Debug|Any CPU.Build.0 = Debug|Any CPU
		{9B60D33D-109D-4690-94F6-30380929289A}.Release|Any CPU.ActiveCfg = Release|Any CPU
		{9B60D33D-109D-4690-94F6-30380929289A}.Release|Any CPU.Build.0 = Release|Any CPU
	EndGlobalSection
	GlobalSection(SolutionProperties) = preSolution
		HideSolutionNode = FALSE
	EndGlobalSection
	GlobalSection(ExtensibilityGlobals) = postSolution
		SolutionGuid = {AAA1219B-0A1B-44EF-AC38-77056C282C7E}
	EndGlobalSection
EndGlobal
